
Microsoft Visual Studio Solution File, Format Version 12.00
Project("{FAE04EC0-301F-11D3-BF4B-00C04F79EFBC}") = "MovieShopMVC", "MovieShopMVC\MovieShopMVC.csproj", "{F72FC483-5DEE-4233-93C4-D35D711C0E7D}"
EndProject
Project("{FAE04EC0-301F-11D3-BF4B-00C04F79EFBC}") = "ApplicationCore", "ApplicationCore\ApplicationCore.csproj", "{945F3260-7333-476D-BD5F-1870296E9713}"
EndProject
Project("{FAE04EC0-301F-11D3-BF4B-00C04F79EFBC}") = "Infrastructure", "Infrastructure\Infrastructure.csproj", "{0AFBE0DF-B1A8-4A4B-B9F3-A8A88AD24F3D}"
EndProject
Global
	GlobalSection(SolutionConfigurationPlatforms) = preSolution
		Debug|Any CPU = Debug|Any CPU
		Release|Any CPU = Release|Any CPU
	EndGlobalSection
	GlobalSection(ProjectConfigurationPlatforms) = postSolution
		{F72FC483-5DEE-4233-93C4-D35D711C0E7D}.Debug|Any CPU.ActiveCfg = Debug|Any CPU
		{F72FC483-5DEE-4233-93C4-D35D711C0E7D}.Debug|Any CPU.Build.0 = Debug|Any CPU
		{F72FC483-5DEE-4233-93C4-D35D711C0E7D}.Release|Any CPU.ActiveCfg = Release|Any CPU
		{F72FC483-5DEE-4233-93C4-D35D711C0E7D}.Release|Any CPU.Build.0 = Release|Any CPU
		{945F3260-7333-476D-BD5F-1870296E9713}.Debug|Any CPU.ActiveCfg = Debug|Any CPU
		{945F3260-7333-476D-BD5F-1870296E9713}.Debug|Any CPU.Build.0 = Debug|Any CPU
		{945F3260-7333-476D-BD5F-1870296E9713}.Release|Any CPU.ActiveCfg = Release|Any CPU
		{945F3260-7333-476D-BD5F-1870296E9713}.Release|Any CPU.Build.0 = Release|Any CPU
		{0AFBE0DF-B1A8-4A4B-B9F3-A8A88AD24F3D}.Debug|Any CPU.ActiveCfg = Debug|Any CPU
		{0AFBE0DF-B1A8-4A4B-B9F3-A8A88AD24F3D}.Debug|Any CPU.Build.0 = Debug|Any CPU
		{0AFBE0DF-B1A8-4A4B-B9F3-A8A88AD24F3D}.Release|Any CPU.ActiveCfg = Release|Any CPU
		{0AFBE0DF-B1A8-4A4B-B9F3-A8A88AD24F3D}.Release|Any CPU.Build.0 = Release|Any CPU
	EndGlobalSection
EndGlobal
